
Microsoft Visual Studio Solution File, Format Version 12.00
# Visual Studio Version 16
VisualStudioVersion = 16.0.32802.440
MinimumVisualStudioVersion = 10.0.40219.1
Project("{FAE04EC0-301F-11D3-BF4B-00C04F79EFBC}") = "LyteAppointmentV3", "LyteAppointmentV3\LyteAppointmentV3.csproj", "{00F87255-C43A-41A8-928C-82A74B45272F}"
EndProject
Global
	GlobalSection(SolutionConfigurationPlatforms) = preSolution
		Debug|Any CPU = Debug|Any CPU
		Release|Any CPU = Release|Any CPU
	EndGlobalSection
	GlobalSection(ProjectConfigurationPlatforms) = postSolution
		{00F87255-C43A-41A8-928C-82A74B45272F}.Debug|Any CPU.ActiveCfg = Debug|Any CPU
		{00F87255-C43A-41A8-928C-82A74B45272F}.Debug|Any CPU.Build.0 = Debug|Any CPU
		{00F87255-C43A-41A8-928C-82A74B45272F}.Release|Any CPU.ActiveCfg = Release|Any CPU
		{00F87255-C43A-41A8-928C-82A74B45272F}.Release|Any CPU.Build.0 = Release|Any CPU
	EndGlobalSection
	GlobalSection(SolutionProperties) = preSolution
		HideSolutionNode = FALSE
	EndGlobalSection
	GlobalSection(ExtensibilityGlobals) = postSolution
		SolutionGuid = {4C77A0C8-90CC-4202-9916-25012DF45AF1}
	EndGlobalSection
EndGlobal
